
Microsoft Visual Studio Solution File, Format Version 12.00
# Visual Studio Version 17
VisualStudioVersion = 17.11.35303.130
MinimumVisualStudioVersion = 10.0.40219.1
Project("{FAE04EC0-301F-11D3-BF4B-00C04F79EFBC}") = "CrudCliente", "CrudCliente.csproj", "{2F832AF4-5B2C-4F13-BD16-171035423392}"
EndProject
Global
	GlobalSection(SolutionConfigurationPlatforms) = preSolution
		Debug|Any CPU = Debug|Any CPU
		Release|Any CPU = Release|Any CPU
	EndGlobalSection
	GlobalSection(ProjectConfigurationPlatforms) = postSolution
		{2F832AF4-5B2C-4F13-BD16-171035423392}.Debug|Any CPU.ActiveCfg = Debug|Any CPU
		{2F832AF4-5B2C-4F13-BD16-171035423392}.Debug|Any CPU.Build.0 = Debug|Any CPU
		{2F832AF4-5B2C-4F13-BD16-171035423392}.Release|Any CPU.ActiveCfg = Release|Any CPU
		{2F832AF4-5B2C-4F13-BD16-171035423392}.Release|Any CPU.Build.0 = Release|Any CPU
	EndGlobalSection
	GlobalSection(SolutionProperties) = preSolution
		HideSolutionNode = FALSE
	EndGlobalSection
	GlobalSection(ExtensibilityGlobals) = postSolution
		SolutionGuid = {FA1E1509-80ED-497B-97B8-C350CD718DEC}
	EndGlobalSection
EndGlobal
